
Microsoft Visual Studio Solution File, Format Version 12.00
# Visual Studio Version 16
VisualStudioVersion = 16.0.28803.352
MinimumVisualStudioVersion = 10.0.40219.1
Project("{9A19103F-16F7-4668-BE54-9A1E7A4F7556}") = "jgc-phone-list", "my-next-app\jgc-phone-list.csproj", "{B8A2567C-AE51-417E-AAF8-943814153D09}"
EndProject
Global
	GlobalSection(SolutionConfigurationPlatforms) = preSolution
		Debug|Any CPU = Debug|Any CPU
		Release|Any CPU = Release|Any CPU
	EndGlobalSection
	GlobalSection(ProjectConfigurationPlatforms) = postSolution
		{B8A2567C-AE51-417E-AAF8-943814153D09}.Debug|Any CPU.ActiveCfg = Debug|Any CPU
		{B8A2567C-AE51-417E-AAF8-943814153D09}.Debug|Any CPU.Build.0 = Debug|Any CPU
		{B8A2567C-AE51-417E-AAF8-943814153D09}.Release|Any CPU.ActiveCfg = Release|Any CPU
		{B8A2567C-AE51-417E-AAF8-943814153D09}.Release|Any CPU.Build.0 = Release|Any CPU
	EndGlobalSection
	GlobalSection(SolutionProperties) = preSolution
		HideSolutionNode = FALSE
	EndGlobalSection
	GlobalSection(ExtensibilityGlobals) = postSolution
		SolutionGuid = {02BDAAB6-808C-424E-B2FB-FE44B0BACF79}
	EndGlobalSection
EndGlobal
